
Microsoft Visual Studio Solution File, Format Version 12.00
Project("{FAE04EC0-301F-11D3-BF4B-00C04F79EFBC}") = "Astra.Engine", "Astra.Engine\Astra.Engine.csproj", "{B56BEC6D-7C15-4C8C-9E57-F4A842F031B8}"
EndProject
Project("{FAE04EC0-301F-11D3-BF4B-00C04F79EFBC}") = "Astra.Client", "Astra.Client\Astra.Client.csproj", "{40676D08-AC96-4915-8314-9F81672536BA}"
EndProject
Project("{FAE04EC0-301F-11D3-BF4B-00C04F79EFBC}") = "Astra.Server", "Astra.Server\Astra.Server.csproj", "{559F16D6-3D77-4976-BC09-7E5DD0987C8D}"
EndProject
Project("{FAE04EC0-301F-11D3-BF4B-00C04F79EFBC}") = "Astra.Tests", "Astra.Tests\Astra.Tests.csproj", "{8B379398-868D-42AE-8F3A-5CBBD61695DB}"
EndProject
Project("{FAE04EC0-301F-11D3-BF4B-00C04F79EFBC}") = "Astra.Benchmark", "Astra.Benchmark\Astra.Benchmark.csproj", "{3A17B86D-AB71-454D-A7CB-F479DA3462F8}"
EndProject
Project("{FAE04EC0-301F-11D3-BF4B-00C04F79EFBC}") = "Astra.Example", "Astra.Example\Astra.Example.csproj", "{E3E771E5-96E8-4D61-BD0F-747E357DA790}"
EndProject
Project("{FAE04EC0-301F-11D3-BF4B-00C04F79EFBC}") = "Astra.Experiments", "Astra.Experiments\Astra.Experiments.csproj", "{9D55892A-DBFB-4D87-8454-69F249C9E923}"
EndProject
Project("{FAE04EC0-301F-11D3-BF4B-00C04F79EFBC}") = "Astra.Common", "Astra.Common\Astra.Common.csproj", "{B1B08032-B42C-4E58-A2C2-512EF11E078B}"
EndProject
Project("{FAE04EC0-301F-11D3-BF4B-00C04F79EFBC}") = "Astra.Collections.RangeDictionaries", "Astra.Collections.RangeDictionaries\Astra.Collections.RangeDictionaries.csproj", "{0F26B364-056A-478C-83D0-1408B77696F1}"
EndProject
Global
	GlobalSection(SolutionConfigurationPlatforms) = preSolution
		Debug|Any CPU = Debug|Any CPU
		Release|Any CPU = Release|Any CPU
	EndGlobalSection
	GlobalSection(ProjectConfigurationPlatforms) = postSolution
		{B56BEC6D-7C15-4C8C-9E57-F4A842F031B8}.Debug|Any CPU.ActiveCfg = Debug|Any CPU
		{B56BEC6D-7C15-4C8C-9E57-F4A842F031B8}.Debug|Any CPU.Build.0 = Debug|Any CPU
		{B56BEC6D-7C15-4C8C-9E57-F4A842F031B8}.Release|Any CPU.ActiveCfg = Release|Any CPU
		{B56BEC6D-7C15-4C8C-9E57-F4A842F031B8}.Release|Any CPU.Build.0 = Release|Any CPU
		{40676D08-AC96-4915-8314-9F81672536BA}.Debug|Any CPU.ActiveCfg = Debug|Any CPU
		{40676D08-AC96-4915-8314-9F81672536BA}.Debug|Any CPU.Build.0 = Debug|Any CPU
		{40676D08-AC96-4915-8314-9F81672536BA}.Release|Any CPU.ActiveCfg = Release|Any CPU
		{40676D08-AC96-4915-8314-9F81672536BA}.Release|Any CPU.Build.0 = Release|Any CPU
		{559F16D6-3D77-4976-BC09-7E5DD0987C8D}.Debug|Any CPU.ActiveCfg = Debug|Any CPU
		{559F16D6-3D77-4976-BC09-7E5DD0987C8D}.Debug|Any CPU.Build.0 = Debug|Any CPU
		{559F16D6-3D77-4976-BC09-7E5DD0987C8D}.Release|Any CPU.ActiveCfg = Release|Any CPU
		{559F16D6-3D77-4976-BC09-7E5DD0987C8D}.Release|Any CPU.Build.0 = Release|Any CPU
		{8B379398-868D-42AE-8F3A-5CBBD61695DB}.Debug|Any CPU.ActiveCfg = Debug|Any CPU
		{8B379398-868D-42AE-8F3A-5CBBD61695DB}.Debug|Any CPU.Build.0 = Debug|Any CPU
		{8B379398-868D-42AE-8F3A-5CBBD61695DB}.Release|Any CPU.ActiveCfg = Release|Any CPU
		{8B379398-868D-42AE-8F3A-5CBBD61695DB}.Release|Any CPU.Build.0 = Release|Any CPU
		{3A17B86D-AB71-454D-A7CB-F479DA3462F8}.Debug|Any CPU.ActiveCfg = Debug|Any CPU
		{3A17B86D-AB71-454D-A7CB-F479DA3462F8}.Debug|Any CPU.Build.0 = Debug|Any CPU
		{3A17B86D-AB71-454D-A7CB-F479DA3462F8}.Release|Any CPU.ActiveCfg = Release|Any CPU
		{3A17B86D-AB71-454D-A7CB-F479DA3462F8}.Release|Any CPU.Build.0 = Release|Any CPU
		{E3E771E5-96E8-4D61-BD0F-747E357DA790}.Debug|Any CPU.ActiveCfg = Debug|Any CPU
		{E3E771E5-96E8-4D61-BD0F-747E357DA790}.Debug|Any CPU.Build.0 = Debug|Any CPU
		{E3E771E5-96E8-4D61-BD0F-747E357DA790}.Release|Any CPU.ActiveCfg = Release|Any CPU
		{E3E771E5-96E8-4D61-BD0F-747E357DA790}.Release|Any CPU.Build.0 = Release|Any CPU
		{9D55892A-DBFB-4D87-8454-69F249C9E923}.Debug|Any CPU.ActiveCfg = Debug|Any CPU
		{9D55892A-DBFB-4D87-8454-69F249C9E923}.Debug|Any CPU.Build.0 = Debug|Any CPU
		{9D55892A-DBFB-4D87-8454-69F249C9E923}.Release|Any CPU.ActiveCfg = Release|Any CPU
		{9D55892A-DBFB-4D87-8454-69F249C9E923}.Release|Any CPU.Build.0 = Release|Any CPU
		{B1B08032-B42C-4E58-A2C2-512EF11E078B}.Debug|Any CPU.ActiveCfg = Debug|Any CPU
		{B1B08032-B42C-4E58-A2C2-512EF11E078B}.Debug|Any CPU.Build.0 = Debug|Any CPU
		{B1B08032-B42C-4E58-A2C2-512EF11E078B}.Release|Any CPU.ActiveCfg = Release|Any CPU
		{B1B08032-B42C-4E58-A2C2-512EF11E078B}.Release|Any CPU.Build.0 = Release|Any CPU
		{0F26B364-056A-478C-83D0-1408B77696F1}.Debug|Any CPU.ActiveCfg = Debug|Any CPU
		{0F26B364-056A-478C-83D0-1408B77696F1}.Debug|Any CPU.Build.0 = Debug|Any CPU
		{0F26B364-056A-478C-83D0-1408B77696F1}.Release|Any CPU.ActiveCfg = Release|Any CPU
		{0F26B364-056A-478C-83D0-1408B77696F1}.Release|Any CPU.Build.0 = Release|Any CPU
	EndGlobalSection
EndGlobal
